Microsoft Visual Studio Solution File, Format Version 12.00
# Visual Studio Version 17
VisualStudioVersion = 17.5.2.0
MinimumVisualStudioVersion = 10.0.40219.1
Project("{FAE04EC0-301F-11D3-BF4B-00C04F79EFBC}") = "SportsStoreWebApp", "SportsStoreWebApp\SportsStoreWebApp.csproj", "{7C423E17-8227-8B5C-CC54-0365BFD4FCEE}"
EndProject
Global
	GlobalSection(SolutionConfigurationPlatforms) = preSolution
		Debug|Any CPU = Debug|Any CPU
		Release|Any CPU = Release|Any CPU
	EndGlobalSection
	GlobalSection(ProjectConfigurationPlatforms) = postSolution
		{7C423E17-8227-8B5C-CC54-0365BFD4FCEE}.Debug|Any CPU.ActiveCfg = Debug|Any CPU
		{7C423E17-8227-8B5C-CC54-0365BFD4FCEE}.Debug|Any CPU.Build.0 = Debug|Any CPU
		{7C423E17-8227-8B5C-CC54-0365BFD4FCEE}.Release|Any CPU.ActiveCfg = Release|Any CPU
		{7C423E17-8227-8B5C-CC54-0365BFD4FCEE}.Release|Any CPU.Build.0 = Release|Any CPU
	EndGlobalSection
	GlobalSection(SolutionProperties) = preSolution
		HideSolutionNode = FALSE
	EndGlobalSection
	GlobalSection(ExtensibilityGlobals) = postSolution
		SolutionGuid = {CFCF6D2B-405B-4464-873F-C3EE98B33CB1}
	EndGlobalSection
EndGlobal
